
Microsoft Visual Studio Solution File, Format Version 12.00
# Visual Studio 2013
VisualStudioVersion = 12.0.40629.0
MinimumVisualStudioVersion = 10.0.40219.1
Project("{888888A0-9F3D-457C-B088-3A5042F75D52}") = "TestFlask1123", "TestFlask1123\TestFlask1123.pyproj", "{B7866CC6-0C38-489A-87C8-B5443466A5B1}"
EndProject
Global
	GlobalSection(SolutionConfigurationPlatforms) = preSolution
		Debug|Any CPU = Debug|Any CPU
		Release|Any CPU = Release|Any CPU
	EndGlobalSection
	GlobalSection(ProjectConfigurationPlatforms) = postSolution
		{B7866CC6-0C38-489A-87C8-B5443466A5B1}.Debug|Any CPU.ActiveCfg = Debug|Any CPU
		{B7866CC6-0C38-489A-87C8-B5443466A5B1}.Debug|Any CPU.Build.0 = Debug|Any CPU
		{B7866CC6-0C38-489A-87C8-B5443466A5B1}.Release|Any CPU.ActiveCfg = Release|Any CPU
		{B7866CC6-0C38-489A-87C8-B5443466A5B1}.Release|Any CPU.Build.0 = Release|Any CPU
	EndGlobalSection
	GlobalSection(SolutionProperties) = preSolution
		HideSolutionNode = FALSE
	EndGlobalSection
EndGlobal
